<Solution>
  <Folder Name="/src/">
    <Project Path="src/RedAnts.Host/RedAnts.Host.csproj" />
    <Project Path="src/RedAnts.Ticketing/RedAnts.Ticketing.csproj" />
    <Project Path="src/RedAnts.Show/RedAnts.Show.csproj" />
  </Folder>
  <Folder Name="/tests/">
    <Project Path="tests/RedAnts.Host.Tests/RedAnts.Host.Tests.csproj" />
    <Project Path="tests/RedAnts.Ticketing.Tests/RedAnts.Ticketing.Tests.csproj" />
    <Project Path="tests/RedAnts.Show.Tests/RedAnts.Show.Tests.csproj" />
    <Project Path="tests/RedAnts.BrowserTests/RedAnts.BrowserTests.csproj" />
  </Folder>
</Solution>
